{
  "name": "openshift-nodejs-demo",
  "version": "1.0.0",
  "lockfileVersion": 1,
  "requires": true,
  "dependencies": {
    "docker-container-id": {
      "version": "1.0.1",
      "resolved": "https://registry.npmjs.org/docker-container-id/-/docker-container-id-1.0.1.tgz",
      "integrity": "sha1-hRykt9Y5BVElIRj+DzHLgnbeoQk="
    }
  }
}
